
Microsoft Visual Studio Solution File, Format Version 12.00
# Visual Studio 2012
Project("{8BC9CEB8-8B4A-11D0-8D11-00A0C91BC942}") = "chapter_4", "chapter_4.vcxproj", "{F6872041-D39D-48D2-87F6-46FD53EABE3A}"
EndProject
Global
	GlobalSection(SolutionConfigurationPlatforms) = preSolution
		Debug|Win32 = Debug|Win32
		Release|Win32 = Release|Win32
	EndGlobalSection
	GlobalSection(ProjectConfigurationPlatforms) = postSolution
		{F6872041-D39D-48D2-87F6-46FD53EABE3A}.Debug|Win32.ActiveCfg = Debug|Win32
		{F6872041-D39D-48D2-87F6-46FD53EABE3A}.Debug|Win32.Build.0 = Debug|Win32
		{F6872041-D39D-48D2-87F6-46FD53EABE3A}.Release|Win32.ActiveCfg = Release|Win32
		{F6872041-D39D-48D2-87F6-46FD53EABE3A}.Release|Win32.Build.0 = Release|Win32
	EndGlobalSection
	GlobalSection(SolutionProperties) = preSolution
		HideSolutionNode = FALSE
	EndGlobalSection
EndGlobal
